
Microsoft Visual Studio Solution File, Format Version 12.00
# Visual Studio 2013
VisualStudioVersion = 12.0.21005.1
MinimumVisualStudioVersion = 10.0.40219.1
Project("{FAE04EC0-301F-11D3-BF4B-00C04F79EFBC}") = "WindowsFormsApplication1", "WindowsFormsApplication1\WindowsFormsApplication1.csproj", "{667C4828-7BFB-451F-8EB6-61101FE0B377}"
EndProject
Project("{FAE04EC0-301F-11D3-BF4B-00C04F79EFBC}") = "Rectangle", "Rectangle\Rectangle.csproj", "{BDA93335-E063-4808-B819-366AEB56318B}"
EndProject
Project("{FAE04EC0-301F-11D3-BF4B-00C04F79EFBC}") = "Square", "Square\Square.csproj", "{3254FE77-FD85-4C7D-A0C0-59054731ED1B}"
EndProject
Global
	GlobalSection(SolutionConfigurationPlatforms) = preSolution
		Debug|Any CPU = Debug|Any CPU
		Release|Any CPU = Release|Any CPU
	EndGlobalSection
	GlobalSection(ProjectConfigurationPlatforms) = postSolution
		{667C4828-7BFB-451F-8EB6-61101FE0B377}.Debug|Any CPU.ActiveCfg = Debug|Any CPU
		{667C4828-7BFB-451F-8EB6-61101FE0B377}.Debug|Any CPU.Build.0 = Debug|Any CPU
		{667C4828-7BFB-451F-8EB6-61101FE0B377}.Release|Any CPU.ActiveCfg = Release|Any CPU
		{667C4828-7BFB-451F-8EB6-61101FE0B377}.Release|Any CPU.Build.0 = Release|Any CPU
		{BDA93335-E063-4808-B819-366AEB56318B}.Debug|Any CPU.ActiveCfg = Debug|Any CPU
		{BDA93335-E063-4808-B819-366AEB56318B}.Debug|Any CPU.Build.0 = Debug|Any CPU
		{BDA93335-E063-4808-B819-366AEB56318B}.Release|Any CPU.ActiveCfg = Release|Any CPU
		{BDA93335-E063-4808-B819-366AEB56318B}.Release|Any CPU.Build.0 = Release|Any CPU
		{3254FE77-FD85-4C7D-A0C0-59054731ED1B}.Debug|Any CPU.ActiveCfg = Debug|Any CPU
		{3254FE77-FD85-4C7D-A0C0-59054731ED1B}.Debug|Any CPU.Build.0 = Debug|Any CPU
		{3254FE77-FD85-4C7D-A0C0-59054731ED1B}.Release|Any CPU.ActiveCfg = Release|Any CPU
		{3254FE77-FD85-4C7D-A0C0-59054731ED1B}.Release|Any CPU.Build.0 = Release|Any CPU
	EndGlobalSection
	GlobalSection(SolutionProperties) = preSolution
		HideSolutionNode = FALSE
	EndGlobalSection
EndGlobal
